// !$*UTF8*$!
{
	archiveVersion = 1;
	classes = {
	};
	objectVersion = 56;
	objects = {

/* Begin PBXBuildFile section */
		D26DB0572C12C6730006ADA2 /* AppDelegate.swift in Sources */ = {isa = PBXBuildFile; fileRef = D26DB0562C12C6730006ADA2 /* AppDelegate.swift */; };
		D26DB0592C12C6730006ADA2 /* SceneDelegate.swift in Sources */ = {isa = PBXBuildFile; fileRef = D26DB0582C12C6730006ADA2 /* SceneDelegate.swift */; };
		D26DB05B2C12C6730006ADA2 /* RMTabBarController.swift in Sources */ = {isa = PBXBuildFile; fileRef = D26DB05A2C12C6730006ADA2 /* RMTabBarController.swift */; };
		D26DB0602C12C6740006ADA2 /* Assets.xcassets in Resources */ = {isa = PBXBuildFile; fileRef = D26DB05F2C12C6740006ADA2 /* Assets.xcassets */; };
		D26DB0632C12C6740006ADA2 /* Base in Resources */ = {isa = PBXBuildFile; fileRef = D26DB0622C12C6740006ADA2 /* Base */; };
		D26DB0722C12C86A0006ADA2 /* RMLocation.swift in Sources */ = {isa = PBXBuildFile; fileRef = D26DB0712C12C86A0006ADA2 /* RMLocation.swift */; };
		D26DB0742C12C8790006ADA2 /* RMCharacter.swift in Sources */ = {isa = PBXBuildFile; fileRef = D26DB0732C12C8790006ADA2 /* RMCharacter.swift */; };
		D26DB0762C12C8850006ADA2 /* RMEpisode.swift in Sources */ = {isa = PBXBuildFile; fileRef = D26DB0752C12C8850006ADA2 /* RMEpisode.swift */; };
		D26DB0792C12C92F0006ADA2 /* RMCharacterViewController.swift in Sources */ = {isa = PBXBuildFile; fileRef = D26DB0782C12C92F0006ADA2 /* RMCharacterViewController.swift */; };
		D26DB07B2C12C9480006ADA2 /* RMLocationViewController.swift in Sources */ = {isa = PBXBuildFile; fileRef = D26DB07A2C12C9480006ADA2 /* RMLocationViewController.swift */; };
		D26DB07D2C12C9550006ADA2 /* RMEpisodeViewController.swift in Sources */ = {isa = PBXBuildFile; fileRef = D26DB07C2C12C9550006ADA2 /* RMEpisodeViewController.swift */; };
		D26DB07F2C12C9690006ADA2 /* RMSettingsViewController.swift in Sources */ = {isa = PBXBuildFile; fileRef = D26DB07E2C12C9690006ADA2 /* RMSettingsViewController.swift */; };
/* End PBXBuildFile section */

/* Begin PBXFileReference section */
		D26DB0532C12C6730006ADA2 /* RickAndMorty.app */ = {isa = PBXFileReference; explicitFileType = wrapper.application; includeInIndex = 0; path = RickAndMorty.app; sourceTree = BUILT_PRODUCTS_DIR; };
		D26DB0562C12C6730006ADA2 /* AppDelegate.swift */ = {isa = PBXFileReference; lastKnownFileType = sourcecode.swift; path = AppDelegate.swift; sourceTree = "<group>"; };
		D26DB0582C12C6730006ADA2 /* SceneDelegate.swift */ = {isa = PBXFileReference; lastKnownFileType = sourcecode.swift; path = SceneDelegate.swift; sourceTree = "<group>"; };
		D26DB05A2C12C6730006ADA2 /* RMTabBarController.swift */ = {isa = PBXFileReference; lastKnownFileType = sourcecode.swift; path = RMTabBarController.swift; sourceTree = "<group>"; };
		D26DB05F2C12C6740006ADA2 /* Assets.xcassets */ = {isa = PBXFileReference; lastKnownFileType = folder.assetcatalog; path = Assets.xcassets; sourceTree = "<group>"; };
		D26DB0622C12C6740006ADA2 /* Base */ = {isa = PBXFileReference; lastKnownFileType = file.storyboard; name = Base; path = Base.lproj/LaunchScreen.storyboard; sourceTree = "<group>"; };
		D26DB0642C12C6740006ADA2 /* Info.plist */ = {isa = PBXFileReference; lastKnownFileType = text.plist.xml; path = Info.plist; sourceTree = "<group>"; };
		D26DB0712C12C86A0006ADA2 /* RMLocation.swift */ = {isa = PBXFileReference; lastKnownFileType = sourcecode.swift; path = RMLocation.swift; sourceTree = "<group>"; };
		D26DB0732C12C8790006ADA2 /* RMCharacter.swift */ = {isa = PBXFileReference; lastKnownFileType = sourcecode.swift; path = RMCharacter.swift; sourceTree = "<group>"; };
		D26DB0752C12C8850006ADA2 /* RMEpisode.swift */ = {isa = PBXFileReference; lastKnownFileType = sourcecode.swift; path = RMEpisode.swift; sourceTree = "<group>"; };
		D26DB0782C12C92F0006ADA2 /* RMCharacterViewController.swift */ = {isa = PBXFileReference; lastKnownFileType = sourcecode.swift; path = RMCharacterViewController.swift; sourceTree = "<group>"; };
		D26DB07A2C12C9480006ADA2 /* RMLocationViewController.swift */ = {isa = PBXFileReference; lastKnownFileType = sourcecode.swift; path = RMLocationViewController.swift; sourceTree = "<group>"; };
		D26DB07C2C12C9550006ADA2 /* RMEpisodeViewController.swift */ = {isa = PBXFileReference; lastKnownFileType = sourcecode.swift; path = RMEpisodeViewController.swift; sourceTree = "<group>"; };
		D26DB07E2C12C9690006ADA2 /* RMSettingsViewController.swift */ = {isa = PBXFileReference; lastKnownFileType = sourcecode.swift; path = RMSettingsViewController.swift; sourceTree = "<group>"; };
/* End PBXFileReference section */

/* Begin PBXFrameworksBuildPhase section */
		D26DB0502C12C6730006ADA2 /* Frameworks */ = {
			isa = PBXFrameworksBuildPhase;
			buildActionMask = 2147483647;
			files = (
			);
			runOnlyForDeploymentPostprocessing = 0;
		};
/* End PBXFrameworksBuildPhase section */

/* Begin PBXGroup section */
		D26DB04A2C12C6730006ADA2 = {
			isa = PBXGroup;
			children = (
				D26DB0552C12C6730006ADA2 /* RickAndMorty */,
				D26DB0542C12C6730006ADA2 /* Products */,
			);
			sourceTree = "<group>";
		};
		D26DB0542C12C6730006ADA2 /* Products */ = {
			isa = PBXGroup;
			children = (
				D26DB0532C12C6730006ADA2 /* RickAndMorty.app */,
			);
			name = Products;
			sourceTree = "<group>";
		};
		D26DB0552C12C6730006ADA2 /* RickAndMorty */ = {
			isa = PBXGroup;
			children = (
				D26DB06A2C12C78B0006ADA2 /* Resources */,
				D26DB06B2C12C7A90006ADA2 /* Managers */,
				D26DB06C2C12C7B60006ADA2 /* APIClient */,
				D26DB06D2C12C7BF0006ADA2 /* ViewModels */,
				D26DB06E2C12C7C90006ADA2 /* Views */,
				D26DB06F2C12C7D00006ADA2 /* Models */,
				D26DB0702C12C7D90006ADA2 /* Controllers */,
				D26DB0642C12C6740006ADA2 /* Info.plist */,
			);
			path = RickAndMorty;
			sourceTree = "<group>";
		};
		D26DB06A2C12C78B0006ADA2 /* Resources */ = {
			isa = PBXGroup;
			children = (
				D26DB0612C12C6740006ADA2 /* LaunchScreen.storyboard */,
				D26DB0562C12C6730006ADA2 /* AppDelegate.swift */,
				D26DB0582C12C6730006ADA2 /* SceneDelegate.swift */,
				D26DB05F2C12C6740006ADA2 /* Assets.xcassets */,
			);
			path = Resources;
			sourceTree = "<group>";
		};
		D26DB06B2C12C7A90006ADA2 /* Managers */ = {
			isa = PBXGroup;
			children = (
			);
			path = Managers;
			sourceTree = "<group>";
		};
		D26DB06C2C12C7B60006ADA2 /* APIClient */ = {
			isa = PBXGroup;
			children = (
			);
			path = APIClient;
			sourceTree = "<group>";
		};
		D26DB06D2C12C7BF0006ADA2 /* ViewModels */ = {
			isa = PBXGroup;
			children = (
			);
			path = ViewModels;
			sourceTree = "<group>";
		};
		D26DB06E2C12C7C90006ADA2 /* Views */ = {
			isa = PBXGroup;
			children = (
			);
			path = Views;
			sourceTree = "<group>";
		};
		D26DB06F2C12C7D00006ADA2 /* Models */ = {
			isa = PBXGroup;
			children = (
				D26DB0712C12C86A0006ADA2 /* RMLocation.swift */,
				D26DB0732C12C8790006ADA2 /* RMCharacter.swift */,
				D26DB0752C12C8850006ADA2 /* RMEpisode.swift */,
			);
			path = Models;
			sourceTree = "<group>";
		};
		D26DB0702C12C7D90006ADA2 /* Controllers */ = {
			isa = PBXGroup;
			children = (
				D26DB0772C12C9070006ADA2 /* Core */,
			);
			path = Controllers;
			sourceTree = "<group>";
		};
		D26DB0772C12C9070006ADA2 /* Core */ = {
			isa = PBXGroup;
			children = (
				D26DB05A2C12C6730006ADA2 /* RMTabBarController.swift */,
				D26DB0782C12C92F0006ADA2 /* RMCharacterViewController.swift */,
				D26DB07A2C12C9480006ADA2 /* RMLocationViewController.swift */,
				D26DB07C2C12C9550006ADA2 /* RMEpisodeViewController.swift */,
				D26DB07E2C12C9690006ADA2 /* RMSettingsViewController.swift */,
			);
			path = Core;
			sourceTree = "<group>";
		};
/* End PBXGroup section */

/* Begin PBXNativeTarget section */
		D26DB0522C12C6730006ADA2 /* RickAndMorty */ = {
			isa = PBXNativeTarget;
			buildConfigurationList = D26DB0672C12C6740006ADA2 /* Build configuration list for PBXNativeTarget "RickAndMorty" */;
			buildPhases = (
				D26DB04F2C12C6730006ADA2 /* Sources */,
				D26DB0502C12C6730006ADA2 /* Frameworks */,
				D26DB0512C12C6730006ADA2 /* Resources */,
			);
			buildRules = (
			);
			dependencies = (
			);
			name = RickAndMorty;
			productName = RickAndMorty;
			productReference = D26DB0532C12C6730006ADA2 /* RickAndMorty.app */;
			productType = "com.apple.product-type.application";
		};
/* End PBXNativeTarget section */

/* Begin PBXProject section */
		D26DB04B2C12C6730006ADA2 /* Project object */ = {
			isa = PBXProject;
			attributes = {
				BuildIndependentTargetsInParallel = 1;
				LastSwiftUpdateCheck = 1540;
				LastUpgradeCheck = 1540;
				TargetAttributes = {
					D26DB0522C12C6730006ADA2 = {
						CreatedOnToolsVersion = 15.4;
					};
				};
			};
			buildConfigurationList = D26DB04E2C12C6730006ADA2 /* Build configuration list for PBXProject "RickAndMorty" */;
			compatibilityVersion = "Xcode 14.0";
			developmentRegion = en;
			hasScannedForEncodings = 0;
			knownRegions = (
				en,
				Base,
			);
			mainGroup = D26DB04A2C12C6730006ADA2;
			productRefGroup = D26DB0542C12C6730006ADA2 /* Products */;
			projectDirPath = "";
			projectRoot = "";
			targets = (
				D26DB0522C12C6730006ADA2 /* RickAndMorty */,
			);
		};
/* End PBXProject section */

/* Begin PBXResourcesBuildPhase section */
		D26DB0512C12C6730006ADA2 /* Resources */ = {
			isa = PBXResourcesBuildPhase;
			buildActionMask = 2147483647;
			files = (
				D26DB0602C12C6740006ADA2 /* Assets.xcassets in Resources */,
				D26DB0632C12C6740006ADA2 /* Base in Resources */,
			);
			runOnlyForDeploymentPostprocessing = 0;
		};
/* End PBXResourcesBuildPhase section */

/* Begin PBXSourcesBuildPhase section */
		D26DB04F2C12C6730006ADA2 /* Sources */ = {
			isa = PBXSourcesBuildPhase;
			buildActionMask = 2147483647;
			files = (
				D26DB07B2C12C9480006ADA2 /* RMLocationViewController.swift in Sources */,
				D26DB0762C12C8850006ADA2 /* RMEpisode.swift in Sources */,
				D26DB05B2C12C6730006ADA2 /* RMTabBarController.swift in Sources */,
				D26DB07D2C12C9550006ADA2 /* RMEpisodeViewController.swift in Sources */,
				D26DB0572C12C6730006ADA2 /* AppDelegate.swift in Sources */,
				D26DB0592C12C6730006ADA2 /* SceneDelegate.swift in Sources */,
				D26DB07F2C12C9690006ADA2 /* RMSettingsViewController.swift in Sources */,
				D26DB0722C12C86A0006ADA2 /* RMLocation.swift in Sources */,
				D26DB0742C12C8790006ADA2 /* RMCharacter.swift in Sources */,
				D26DB0792C12C92F0006ADA2 /* RMCharacterViewController.swift in Sources */,
			);
			runOnlyForDeploymentPostprocessing = 0;
		};
/* End PBXSourcesBuildPhase section */

/* Begin PBXVariantGroup section */
		D26DB0612C12C6740006ADA2 /* LaunchScreen.storyboard */ = {
			isa = PBXVariantGroup;
			children = (
				D26DB0622C12C6740006ADA2 /* Base */,
			);
			name = LaunchScreen.storyboard;
			sourceTree = "<group>";
		};
/* End PBXVariantGroup section */

/* Begin XCBuildConfiguration section */
		D26DB0652C12C6740006ADA2 /* Debug */ = {
			isa = XCBuildConfiguration;
			buildSettings = {
				ALWAYS_SEARCH_USER_PATHS = NO;
				ASSETCATALOG_COMPILER_GENERATE_SWIFT_ASSET_SYMBOL_EXTENSIONS = YES;
				CLANG_ANALYZER_NONNULL = YES;
				CLANG_ANALYZER_NUMBER_OBJECT_CONVERSION = YES_AGGRESSIVE;
				CLANG_CXX_LANGUAGE_STANDARD = "gnu++20";
				CLANG_ENABLE_MODULES = YES;
				CLANG_ENABLE_OBJC_ARC = YES;
				CLANG_ENABLE_OBJC_WEAK = YES;
				CLANG_WARN_BLOCK_CAPTURE_AUTORELEASING = YES;
				CLANG_WARN_BOOL_CONVERSION = YES;
				CLANG_WARN_COMMA = YES;
				CLANG_WARN_CONSTANT_CONVERSION = YES;
				CLANG_WARN_DEPRECATED_OBJC_IMPLEMENTATIONS = YES;
				CLANG_WARN_DIRECT_OBJC_ISA_USAGE = YES_ERROR;
				CLANG_WARN_DOCUMENTATION_COMMENTS = YES;
				CLANG_WARN_EMPTY_BODY = YES;
				CLANG_WARN_ENUM_CONVERSION = YES;
				CLANG_WARN_INFINITE_RECURSION = YES;
				CLANG_WARN_INT_CONVERSION = YES;
				CLANG_WARN_NON_LITERAL_NULL_CONVERSION = YES;
				CLANG_WARN_OBJC_IMPLICIT_RETAIN_SELF = YES;
				CLANG_WARN_OBJC_LITERAL_CONVERSION = YES;
				CLANG_WARN_OBJC_ROOT_CLASS = YES_ERROR;
				CLANG_WARN_QUOTED_INCLUDE_IN_FRAMEWORK_HEADER = YES;
				CLANG_WARN_RANGE_LOOP_ANALYSIS = YES;
				CLANG_WARN_STRICT_PROTOTYPES = YES;
				CLANG_WARN_SUSPICIOUS_MOVE = YES;
				CLANG_WARN_UNGUARDED_AVAILABILITY = YES_AGGRESSIVE;
				CLANG_WARN_UNREACHABLE_CODE = YES;
				CLANG_WARN__DUPLICATE_METHOD_MATCH = YES;
				COPY_PHASE_STRIP = NO;
				DEBUG_INFORMATION_FORMAT = dwarf;
				ENABLE_STRICT_OBJC_MSGSEND = YES;
				ENABLE_TESTABILITY = YES;
				ENABLE_USER_SCRIPT_SANDBOXING = YES;
				GCC_C_LANGUAGE_STANDARD = gnu17;
				GCC_DYNAMIC_NO_PIC = NO;
				GCC_NO_COMMON_BLOCKS = YES;
				GCC_OPTIMIZATION_LEVEL = 0;
				GCC_PREPROCESSOR_DEFINITIONS = (
					"DEBUG=1",
					"$(inherited)",
				);
				GCC_WARN_64_TO_32_BIT_CONVERSION = YES;
				GCC_WARN_ABOUT_RETURN_TYPE = YES_ERROR;
				GCC_WARN_UNDECLARED_SELECTOR = YES;
				GCC_WARN_UNINITIALIZED_AUTOS = YES_AGGRESSIVE;
				GCC_WARN_UNUSED_FUNCTION = YES;
				GCC_WARN_UNUSED_VARIABLE = YES;
				IPHONEOS_DEPLOYMENT_TARGET = 17.5;
				LOCALIZATION_PREFERS_STRING_CATALOGS = YES;
				MTL_ENABLE_DEBUG_INFO = INCLUDE_SOURCE;
				MTL_FAST_MATH = YES;
				ONLY_ACTIVE_ARCH = YES;
				SDKROOT = iphoneos;
				SWIFT_ACTIVE_COMPILATION_CONDITIONS = "DEBUG $(inherited)";
				SWIFT_OPTIMIZATION_LEVEL = "-Onone";
			};
			name = Debug;
		};
		D26DB0662C12C6740006ADA2 /* Release */ = {
			isa = XCBuildConfiguration;
			buildSettings = {
				ALWAYS_SEARCH_USER_PATHS = NO;
				ASSETCATALOG_COMPILER_GENERATE_SWIFT_ASSET_SYMBOL_EXTENSIONS = YES;
				CLANG_ANALYZER_NONNULL = YES;
				CLANG_ANALYZER_NUMBER_OBJECT_CONVERSION = YES_AGGRESSIVE;
				CLANG_CXX_LANGUAGE_STANDARD = "gnu++20";
				CLANG_ENABLE_MODULES = YES;
				CLANG_ENABLE_OBJC_ARC = YES;
				CLANG_ENABLE_OBJC_WEAK = YES;
				CLANG_WARN_BLOCK_CAPTURE_AUTORELEASING = YES;
				CLANG_WARN_BOOL_CONVERSION = YES;
				CLANG_WARN_COMMA = YES;
				CLANG_WARN_CONSTANT_CONVERSION = YES;
				CLANG_WARN_DEPRECATED_OBJC_IMPLEMENTATIONS = YES;
				CLANG_WARN_DIRECT_OBJC_ISA_USAGE = YES_ERROR;
				CLANG_WARN_DOCUMENTATION_COMMENTS = YES;
				CLANG_WARN_EMPTY_BODY = YES;
				CLANG_WARN_ENUM_CONVERSION = YES;
				CLANG_WARN_INFINITE_RECURSION = YES;
				CLANG_WARN_INT_CONVERSION = YES;
				CLANG_WARN_NON_LITERAL_NULL_CONVERSION = YES;
				CLANG_WARN_OBJC_IMPLICIT_RETAIN_SELF = YES;
				CLANG_WARN_OBJC_LITERAL_CONVERSION = YES;
				CLANG_WARN_OBJC_ROOT_CLASS = YES_ERROR;
				CLANG_WARN_QUOTED_INCLUDE_IN_FRAMEWORK_HEADER = YES;
				CLANG_WARN_RANGE_LOOP_ANALYSIS = YES;
				CLANG_WARN_STRICT_PROTOTYPES = YES;
				CLANG_WARN_SUSPICIOUS_MOVE = YES;
				CLANG_WARN_UNGUARDED_AVAILABILITY = YES_AGGRESSIVE;
				CLANG_WARN_UNREACHABLE_CODE = YES;
				CLANG_WARN__DUPLICATE_METHOD_MATCH = YES;
				COPY_PHASE_STRIP = NO;
				DEBUG_INFORMATION_FORMAT = "dwarf-with-dsym";
				ENABLE_NS_ASSERTIONS = NO;
				ENABLE_STRICT_OBJC_MSGSEND = YES;
				ENABLE_USER_SCRIPT_SANDBOXING = YES;
				GCC_C_LANGUAGE_STANDARD = gnu17;
				GCC_NO_COMMON_BLOCKS = YES;
				GCC_WARN_64_TO_32_BIT_CONVERSION = YES;
				GCC_WARN_ABOUT_RETURN_TYPE = YES_ERROR;
				GCC_WARN_UNDECLARED_SELECTOR = YES;
				GCC_WARN_UNINITIALIZED_AUTOS = YES_AGGRESSIVE;
				GCC_WARN_UNUSED_FUNCTION = YES;
				GCC_WARN_UNUSED_VARIABLE = YES;
				IPHONEOS_DEPLOYMENT_TARGET = 17.5;
				LOCALIZATION_PREFERS_STRING_CATALOGS = YES;
				MTL_ENABLE_DEBUG_INFO = NO;
				MTL_FAST_MATH = YES;
				SDKROOT = iphoneos;
				SWIFT_COMPILATION_MODE = wholemodule;
				VALIDATE_PRODUCT = YES;
			};
			name = Release;
		};
		D26DB0682C12C6740006ADA2 /* Debug */ = {
			isa = XCBuildConfiguration;
			buildSettings = {
				ASSETCATALOG_COMPILER_APPICON_NAME = AppIcon;
				ASSETCATALOG_COMPILER_GLOBAL_ACCENT_COLOR_NAME = AccentColor;
				CODE_SIGN_STYLE = Automatic;
				CURRENT_PROJECT_VERSION = 1;
				DEVELOPMENT_TEAM = XN5X7VFVPX;
				GENERATE_INFOPLIST_FILE = YES;
				INFOPLIST_FILE = RickAndMorty/Info.plist;
				INFOPLIST_KEY_UIApplicationSupportsIndirectInputEvents = YES;
				INFOPLIST_KEY_UILaunchStoryboardName = LaunchScreen;
				INFOPLIST_KEY_UISupportedInterfaceOrientations_iPad = "UIInterfaceOrientationPortrait UIInterfaceOrientationPortraitUpsideDown UIInterfaceOrientationLandscapeLeft UIInterfaceOrientationLandscapeRight";
				INFOPLIST_KEY_UISupportedInterfaceOrientations_iPhone = "UIInterfaceOrientationPortrait UIInterfaceOrientationLandscapeLeft UIInterfaceOrientationLandscapeRight";
				LD_RUNPATH_SEARCH_PATHS = (
					"$(inherited)",
					"@executable_path/Frameworks",
				);
				MARKETING_VERSION = 1.0;
				PRODUCT_BUNDLE_IDENTIFIER = kr.magne.RickAndMorty;
				PRODUCT_NAME = "$(TARGET_NAME)";
				SWIFT_EMIT_LOC_STRINGS = YES;
				SWIFT_VERSION = 5.0;
				TARGETED_DEVICE_FAMILY = "1,2";
			};
			name = Debug;
		};
		D26DB0692C12C6740006ADA2 /* Release */ = {
			isa = XCBuildConfiguration;
			buildSettings = {
				ASSETCATALOG_COMPILER_APPICON_NAME = AppIcon;
				ASSETCATALOG_COMPILER_GLOBAL_ACCENT_COLOR_NAME = AccentColor;
				CODE_SIGN_STYLE = Automatic;
				CURRENT_PROJECT_VERSION = 1;
				DEVELOPMENT_TEAM = XN5X7VFVPX;
				GENERATE_INFOPLIST_FILE = YES;
				INFOPLIST_FILE = RickAndMorty/Info.plist;
				INFOPLIST_KEY_UIApplicationSupportsIndirectInputEvents = YES;
				INFOPLIST_KEY_UILaunchStoryboardName = LaunchScreen;
				INFOPLIST_KEY_UISupportedInterfaceOrientations_iPad = "UIInterfaceOrientationPortrait UIInterfaceOrientationPortraitUpsideDown UIInterfaceOrientationLandscapeLeft UIInterfaceOrientationLandscapeRight";
				INFOPLIST_KEY_UISupportedInterfaceOrientations_iPhone = "UIInterfaceOrientationPortrait UIInterfaceOrientationLandscapeLeft UIInterfaceOrientationLandscapeRight";
				LD_RUNPATH_SEARCH_PATHS = (
					"$(inherited)",
					"@executable_path/Frameworks",
				);
				MARKETING_VERSION = 1.0;
				PRODUCT_BUNDLE_IDENTIFIER = kr.magne.RickAndMorty;
				PRODUCT_NAME = "$(TARGET_NAME)";
				SWIFT_EMIT_LOC_STRINGS = YES;
				SWIFT_VERSION = 5.0;
				TARGETED_DEVICE_FAMILY = "1,2";
			};
			name = Release;
		};
/* End XCBuildConfiguration section */

/* Begin XCConfigurationList section */
		D26DB04E2C12C6730006ADA2 /* Build configuration list for PBXProject "RickAndMorty" */ = {
			isa = XCConfigurationList;
			buildConfigurations = (
				D26DB0652C12C6740006ADA2 /* Debug */,
				D26DB0662C12C6740006ADA2 /* Release */,
			);
			defaultConfigurationIsVisible = 0;
			defaultConfigurationName = Release;
		};
		D26DB0672C12C6740006ADA2 /* Build configuration list for PBXNativeTarget "RickAndMorty" */ = {
			isa = XCConfigurationList;
			buildConfigurations = (
				D26DB0682C12C6740006ADA2 /* Debug */,
				D26DB0692C12C6740006ADA2 /* Release */,
			);
			defaultConfigurationIsVisible = 0;
			defaultConfigurationName = Release;
		};
/* End XCConfigurationList section */
	};
	rootObject = D26DB04B2C12C6730006ADA2 /* Project object */;
}
