// !$*UTF8*$!
{
	archiveVersion = 1;
	classes = {
	};
	objectVersion = 56;
	objects = {

/* Begin PBXBuildFile section */
		D26DB0572C12C6730006ADA2 /* AppDelegate.swift in Sources */ = {isa = PBXBuildFile; fileRef = D26DB0562C12C6730006ADA2 /* AppDelegate.swift */; };
		D26DB0592C12C6730006ADA2 /* SceneDelegate.swift in Sources */ = {isa = PBXBuildFile; fileRef = D26DB0582C12C6730006ADA2 /* SceneDelegate.swift */; };
		D26DB05B2C12C6730006ADA2 /* RMTabBarController.swift in Sources */ = {isa = PBXBuildFile; fileRef = D26DB05A2C12C6730006ADA2 /* RMTabBarController.swift */; };
		D26DB0602C12C6740006ADA2 /* Assets.xcassets in Resources */ = {isa = PBXBuildFile; fileRef = D26DB05F2C12C6740006ADA2 /* Assets.xcassets */; };
		D26DB0632C12C6740006ADA2 /* Base in Resources */ = {isa = PBXBuildFile; fileRef = D26DB0622C12C6740006ADA2 /* Base */; };
		D26DB0722C12C86A0006ADA2 /* RMLocation.swift in Sources */ = {isa = PBXBuildFile; fileRef = D26DB0712C12C86A0006ADA2 /* RMLocation.swift */; };
		D26DB0742C12C8790006ADA2 /* RMCharacter.swift in Sources */ = {isa = PBXBuildFile; fileRef = D26DB0732C12C8790006ADA2 /* RMCharacter.swift */; };
		D26DB0762C12C8850006ADA2 /* RMEpisode.swift in Sources */ = {isa = PBXBuildFile; fileRef = D26DB0752C12C8850006ADA2 /* RMEpisode.swift */; };
		D26DB0792C12C92F0006ADA2 /* RMCharacterViewController.swift in Sources */ = {isa = PBXBuildFile; fileRef = D26DB0782C12C92F0006ADA2 /* RMCharacterViewController.swift */; };
		D26DB07B2C12C9480006ADA2 /* RMLocationViewController.swift in Sources */ = {isa = PBXBuildFile; fileRef = D26DB07A2C12C9480006ADA2 /* RMLocationViewController.swift */; };
		D26DB07D2C12C9550006ADA2 /* RMEpisodeViewController.swift in Sources */ = {isa = PBXBuildFile; fileRef = D26DB07C2C12C9550006ADA2 /* RMEpisodeViewController.swift */; };
		D26DB07F2C12C9690006ADA2 /* RMSettingsViewController.swift in Sources */ = {isa = PBXBuildFile; fileRef = D26DB07E2C12C9690006ADA2 /* RMSettingsViewController.swift */; };
		D26DB0812C12D1BC0006ADA2 /* RMService.swift in Sources */ = {isa = PBXBuildFile; fileRef = D26DB0802C12D1BC0006ADA2 /* RMService.swift */; };
		D26DB0832C12D1CF0006ADA2 /* RMRequest.swift in Sources */ = {isa = PBXBuildFile; fileRef = D26DB0822C12D1CF0006ADA2 /* RMRequest.swift */; };
		D26DB0852C12D2580006ADA2 /* RMEndpoint.swift in Sources */ = {isa = PBXBuildFile; fileRef = D26DB0842C12D2580006ADA2 /* RMEndpoint.swift */; };
		D26DB0872C12E6100006ADA2 /* RMOrigin.swift in Sources */ = {isa = PBXBuildFile; fileRef = D26DB0862C12E6100006ADA2 /* RMOrigin.swift */; };
		D26DB0892C12E6900006ADA2 /* RMSingleLocation.swift in Sources */ = {isa = PBXBuildFile; fileRef = D26DB0882C12E6900006ADA2 /* RMSingleLocation.swift */; };
		D26DB08B2C12E8990006ADA2 /* RMCharacterStatus.swift in Sources */ = {isa = PBXBuildFile; fileRef = D26DB08A2C12E8990006ADA2 /* RMCharacterStatus.swift */; };
		D26DB08D2C12E8D60006ADA2 /* RMCharacterGender.swift in Sources */ = {isa = PBXBuildFile; fileRef = D26DB08C2C12E8D60006ADA2 /* RMCharacterGender.swift */; };
		D26DB0912C1300350006ADA2 /* RMGetAllCharactersResponse.swift in Sources */ = {isa = PBXBuildFile; fileRef = D26DB0902C1300350006ADA2 /* RMGetAllCharactersResponse.swift */; };
		D289F6452C195FB70052BE17 /* RMEpisodeDetailViewController.swift in Sources */ = {isa = PBXBuildFile; fileRef = D289F6442C195FB70052BE17 /* RMEpisodeDetailViewController.swift */; };
		D2A76AFF2C17FC0C0069C17A /* RMCharacterPhotoCollectionViewCell.swift in Sources */ = {isa = PBXBuildFile; fileRef = D2A76AFE2C17FC0C0069C17A /* RMCharacterPhotoCollectionViewCell.swift */; };
		D2A76B012C17FC1D0069C17A /* RMCharacterInfoCollectionViewCell.swift in Sources */ = {isa = PBXBuildFile; fileRef = D2A76B002C17FC1D0069C17A /* RMCharacterInfoCollectionViewCell.swift */; };
		D2A76B032C17FC350069C17A /* RMCharacterEpisodeCollectionViewCell.swift in Sources */ = {isa = PBXBuildFile; fileRef = D2A76B022C17FC350069C17A /* RMCharacterEpisodeCollectionViewCell.swift */; };
		D2A76B062C17FC840069C17A /* RMCharacterPhotoCollectionViewCellViewModel.swift in Sources */ = {isa = PBXBuildFile; fileRef = D2A76B052C17FC840069C17A /* RMCharacterPhotoCollectionViewCellViewModel.swift */; };
		D2A76B082C17FCD70069C17A /* RMCharacterInfoCollectionViewCellViewModel.swift in Sources */ = {isa = PBXBuildFile; fileRef = D2A76B072C17FCD70069C17A /* RMCharacterInfoCollectionViewCellViewModel.swift */; };
		D2A76B0A2C17FCEA0069C17A /* RMCharacterEpisodeCollectionViewCellViewModel.swift in Sources */ = {isa = PBXBuildFile; fileRef = D2A76B092C17FCEA0069C17A /* RMCharacterEpisodeCollectionViewCellViewModel.swift */; };
		D2C26FC62C16C3F4003169E7 /* RMImageLoader.swift in Sources */ = {isa = PBXBuildFile; fileRef = D2C26FC52C16C3F4003169E7 /* RMImageLoader.swift */; };
		D2F06DA62C155B4B00CEF898 /* Extensions.swift in Sources */ = {isa = PBXBuildFile; fileRef = D2F06DA52C155B4B00CEF898 /* Extensions.swift */; };
		D2F06DA82C156E5F00CEF898 /* RMCharacterCollectionViewCell.swift in Sources */ = {isa = PBXBuildFile; fileRef = D2F06DA72C156E5F00CEF898 /* RMCharacterCollectionViewCell.swift */; };
		D2F06DAA2C1571F900CEF898 /* RMCharacterCollectionViewCellViewModel.swift in Sources */ = {isa = PBXBuildFile; fileRef = D2F06DA92C1571F900CEF898 /* RMCharacterCollectionViewCellViewModel.swift */; };
		D2F06DAD2C15A6B500CEF898 /* RMCharacterDetailViewController.swift in Sources */ = {isa = PBXBuildFile; fileRef = D2F06DAC2C15A6B500CEF898 /* RMCharacterDetailViewController.swift */; };
		D2F06DAF2C15A78500CEF898 /* RMCharacterDetailView.swift in Sources */ = {isa = PBXBuildFile; fileRef = D2F06DAE2C15A78500CEF898 /* RMCharacterDetailView.swift */; };
		D2F06DB12C15A7B200CEF898 /* RMCharacterDetailViewViewModel.swift in Sources */ = {isa = PBXBuildFile; fileRef = D2F06DB02C15A7B200CEF898 /* RMCharacterDetailViewViewModel.swift */; };
		D2F06DB32C15B46C00CEF898 /* RMFooterLoadingCollectionReusableView.swift in Sources */ = {isa = PBXBuildFile; fileRef = D2F06DB22C15B46C00CEF898 /* RMFooterLoadingCollectionReusableView.swift */; };
		D2FA7CDD2C1411C10065DB69 /* RMCharacterListViewViewModel.swift in Sources */ = {isa = PBXBuildFile; fileRef = D2FA7CDC2C1411C10065DB69 /* RMCharacterListViewViewModel.swift */; };
		D2FA7CDF2C14122C0065DB69 /* RMCharacterListView.swift in Sources */ = {isa = PBXBuildFile; fileRef = D2FA7CDE2C14122C0065DB69 /* RMCharacterListView.swift */; };
/* End PBXBuildFile section */

/* Begin PBXFileReference section */
		D26DB0532C12C6730006ADA2 /* RickAndMorty.app */ = {isa = PBXFileReference; explicitFileType = wrapper.application; includeInIndex = 0; path = RickAndMorty.app; sourceTree = BUILT_PRODUCTS_DIR; };
		D26DB0562C12C6730006ADA2 /* AppDelegate.swift */ = {isa = PBXFileReference; lastKnownFileType = sourcecode.swift; path = AppDelegate.swift; sourceTree = "<group>"; };
		D26DB0582C12C6730006ADA2 /* SceneDelegate.swift */ = {isa = PBXFileReference; lastKnownFileType = sourcecode.swift; path = SceneDelegate.swift; sourceTree = "<group>"; };
		D26DB05A2C12C6730006ADA2 /* RMTabBarController.swift */ = {isa = PBXFileReference; lastKnownFileType = sourcecode.swift; path = RMTabBarController.swift; sourceTree = "<group>"; };
		D26DB05F2C12C6740006ADA2 /* Assets.xcassets */ = {isa = PBXFileReference; lastKnownFileType = folder.assetcatalog; path = Assets.xcassets; sourceTree = "<group>"; };
		D26DB0622C12C6740006ADA2 /* Base */ = {isa = PBXFileReference; lastKnownFileType = file.storyboard; name = Base; path = Base.lproj/LaunchScreen.storyboard; sourceTree = "<group>"; };
		D26DB0642C12C6740006ADA2 /* Info.plist */ = {isa = PBXFileReference; lastKnownFileType = text.plist.xml; path = Info.plist; sourceTree = "<group>"; };
		D26DB0712C12C86A0006ADA2 /* RMLocation.swift */ = {isa = PBXFileReference; lastKnownFileType = sourcecode.swift; path = RMLocation.swift; sourceTree = "<group>"; };
		D26DB0732C12C8790006ADA2 /* RMCharacter.swift */ = {isa = PBXFileReference; lastKnownFileType = sourcecode.swift; path = RMCharacter.swift; sourceTree = "<group>"; };
		D26DB0752C12C8850006ADA2 /* RMEpisode.swift */ = {isa = PBXFileReference; lastKnownFileType = sourcecode.swift; path = RMEpisode.swift; sourceTree = "<group>"; };
		D26DB0782C12C92F0006ADA2 /* RMCharacterViewController.swift */ = {isa = PBXFileReference; lastKnownFileType = sourcecode.swift; path = RMCharacterViewController.swift; sourceTree = "<group>"; };
		D26DB07A2C12C9480006ADA2 /* RMLocationViewController.swift */ = {isa = PBXFileReference; lastKnownFileType = sourcecode.swift; path = RMLocationViewController.swift; sourceTree = "<group>"; };
		D26DB07C2C12C9550006ADA2 /* RMEpisodeViewController.swift */ = {isa = PBXFileReference; lastKnownFileType = sourcecode.swift; path = RMEpisodeViewController.swift; sourceTree = "<group>"; };
		D26DB07E2C12C9690006ADA2 /* RMSettingsViewController.swift */ = {isa = PBXFileReference; lastKnownFileType = sourcecode.swift; path = RMSettingsViewController.swift; sourceTree = "<group>"; };
		D26DB0802C12D1BC0006ADA2 /* RMService.swift */ = {isa = PBXFileReference; lastKnownFileType = sourcecode.swift; path = RMService.swift; sourceTree = "<group>"; };
		D26DB0822C12D1CF0006ADA2 /* RMRequest.swift */ = {isa = PBXFileReference; lastKnownFileType = sourcecode.swift; path = RMRequest.swift; sourceTree = "<group>"; };
		D26DB0842C12D2580006ADA2 /* RMEndpoint.swift */ = {isa = PBXFileReference; lastKnownFileType = sourcecode.swift; path = RMEndpoint.swift; sourceTree = "<group>"; };
		D26DB0862C12E6100006ADA2 /* RMOrigin.swift */ = {isa = PBXFileReference; lastKnownFileType = sourcecode.swift; path = RMOrigin.swift; sourceTree = "<group>"; };
		D26DB0882C12E6900006ADA2 /* RMSingleLocation.swift */ = {isa = PBXFileReference; lastKnownFileType = sourcecode.swift; path = RMSingleLocation.swift; sourceTree = "<group>"; };
		D26DB08A2C12E8990006ADA2 /* RMCharacterStatus.swift */ = {isa = PBXFileReference; lastKnownFileType = sourcecode.swift; path = RMCharacterStatus.swift; sourceTree = "<group>"; };
		D26DB08C2C12E8D60006ADA2 /* RMCharacterGender.swift */ = {isa = PBXFileReference; lastKnownFileType = sourcecode.swift; path = RMCharacterGender.swift; sourceTree = "<group>"; };
		D26DB0902C1300350006ADA2 /* RMGetAllCharactersResponse.swift */ = {isa = PBXFileReference; lastKnownFileType = sourcecode.swift; path = RMGetAllCharactersResponse.swift; sourceTree = "<group>"; };
		D289F6442C195FB70052BE17 /* RMEpisodeDetailViewController.swift */ = {isa = PBXFileReference; lastKnownFileType = sourcecode.swift; path = RMEpisodeDetailViewController.swift; sourceTree = "<group>"; };
		D2A76AFE2C17FC0C0069C17A /* RMCharacterPhotoCollectionViewCell.swift */ = {isa = PBXFileReference; lastKnownFileType = sourcecode.swift; path = RMCharacterPhotoCollectionViewCell.swift; sourceTree = "<group>"; };
		D2A76B002C17FC1D0069C17A /* RMCharacterInfoCollectionViewCell.swift */ = {isa = PBXFileReference; lastKnownFileType = sourcecode.swift; path = RMCharacterInfoCollectionViewCell.swift; sourceTree = "<group>"; };
		D2A76B022C17FC350069C17A /* RMCharacterEpisodeCollectionViewCell.swift */ = {isa = PBXFileReference; lastKnownFileType = sourcecode.swift; path = RMCharacterEpisodeCollectionViewCell.swift; sourceTree = "<group>"; };
		D2A76B052C17FC840069C17A /* RMCharacterPhotoCollectionViewCellViewModel.swift */ = {isa = PBXFileReference; lastKnownFileType = sourcecode.swift; path = RMCharacterPhotoCollectionViewCellViewModel.swift; sourceTree = "<group>"; };
		D2A76B072C17FCD70069C17A /* RMCharacterInfoCollectionViewCellViewModel.swift */ = {isa = PBXFileReference; lastKnownFileType = sourcecode.swift; path = RMCharacterInfoCollectionViewCellViewModel.swift; sourceTree = "<group>"; };
		D2A76B092C17FCEA0069C17A /* RMCharacterEpisodeCollectionViewCellViewModel.swift */ = {isa = PBXFileReference; lastKnownFileType = sourcecode.swift; path = RMCharacterEpisodeCollectionViewCellViewModel.swift; sourceTree = "<group>"; };
		D2C26FC52C16C3F4003169E7 /* RMImageLoader.swift */ = {isa = PBXFileReference; lastKnownFileType = sourcecode.swift; path = RMImageLoader.swift; sourceTree = "<group>"; };
		D2F06DA52C155B4B00CEF898 /* Extensions.swift */ = {isa = PBXFileReference; lastKnownFileType = sourcecode.swift; path = Extensions.swift; sourceTree = "<group>"; };
		D2F06DA72C156E5F00CEF898 /* RMCharacterCollectionViewCell.swift */ = {isa = PBXFileReference; lastKnownFileType = sourcecode.swift; path = RMCharacterCollectionViewCell.swift; sourceTree = "<group>"; };
		D2F06DA92C1571F900CEF898 /* RMCharacterCollectionViewCellViewModel.swift */ = {isa = PBXFileReference; lastKnownFileType = sourcecode.swift; path = RMCharacterCollectionViewCellViewModel.swift; sourceTree = "<group>"; };
		D2F06DAC2C15A6B500CEF898 /* RMCharacterDetailViewController.swift */ = {isa = PBXFileReference; lastKnownFileType = sourcecode.swift; path = RMCharacterDetailViewController.swift; sourceTree = "<group>"; };
		D2F06DAE2C15A78500CEF898 /* RMCharacterDetailView.swift */ = {isa = PBXFileReference; lastKnownFileType = sourcecode.swift; path = RMCharacterDetailView.swift; sourceTree = "<group>"; };
		D2F06DB02C15A7B200CEF898 /* RMCharacterDetailViewViewModel.swift */ = {isa = PBXFileReference; lastKnownFileType = sourcecode.swift; path = RMCharacterDetailViewViewModel.swift; sourceTree = "<group>"; };
		D2F06DB22C15B46C00CEF898 /* RMFooterLoadingCollectionReusableView.swift */ = {isa = PBXFileReference; lastKnownFileType = sourcecode.swift; path = RMFooterLoadingCollectionReusableView.swift; sourceTree = "<group>"; };
		D2FA7CDC2C1411C10065DB69 /* RMCharacterListViewViewModel.swift */ = {isa = PBXFileReference; lastKnownFileType = sourcecode.swift; path = RMCharacterListViewViewModel.swift; sourceTree = "<group>"; };
		D2FA7CDE2C14122C0065DB69 /* RMCharacterListView.swift */ = {isa = PBXFileReference; lastKnownFileType = sourcecode.swift; path = RMCharacterListView.swift; sourceTree = "<group>"; };
/* End PBXFileReference section */

/* Begin PBXFrameworksBuildPhase section */
		D26DB0502C12C6730006ADA2 /* Frameworks */ = {
			isa = PBXFrameworksBuildPhase;
			buildActionMask = 2147483647;
			files = (
			);
			runOnlyForDeploymentPostprocessing = 0;
		};
/* End PBXFrameworksBuildPhase section */

/* Begin PBXGroup section */
		D26DB04A2C12C6730006ADA2 = {
			isa = PBXGroup;
			children = (
				D26DB0552C12C6730006ADA2 /* RickAndMorty */,
				D26DB0542C12C6730006ADA2 /* Products */,
			);
			sourceTree = "<group>";
		};
		D26DB0542C12C6730006ADA2 /* Products */ = {
			isa = PBXGroup;
			children = (
				D26DB0532C12C6730006ADA2 /* RickAndMorty.app */,
			);
			name = Products;
			sourceTree = "<group>";
		};
		D26DB0552C12C6730006ADA2 /* RickAndMorty */ = {
			isa = PBXGroup;
			children = (
				D26DB06A2C12C78B0006ADA2 /* Resources */,
				D26DB06B2C12C7A90006ADA2 /* Managers */,
				D26DB06C2C12C7B60006ADA2 /* APIClient */,
				D26DB06D2C12C7BF0006ADA2 /* ViewModels */,
				D26DB06E2C12C7C90006ADA2 /* Views */,
				D26DB06F2C12C7D00006ADA2 /* Models */,
				D26DB0702C12C7D90006ADA2 /* Controllers */,
				D26DB0642C12C6740006ADA2 /* Info.plist */,
			);
			path = RickAndMorty;
			sourceTree = "<group>";
		};
		D26DB06A2C12C78B0006ADA2 /* Resources */ = {
			isa = PBXGroup;
			children = (
				D26DB0612C12C6740006ADA2 /* LaunchScreen.storyboard */,
				D26DB0562C12C6730006ADA2 /* AppDelegate.swift */,
				D26DB0582C12C6730006ADA2 /* SceneDelegate.swift */,
				D26DB05F2C12C6740006ADA2 /* Assets.xcassets */,
				D2F06DA52C155B4B00CEF898 /* Extensions.swift */,
			);
			path = Resources;
			sourceTree = "<group>";
		};
		D26DB06B2C12C7A90006ADA2 /* Managers */ = {
			isa = PBXGroup;
			children = (
				D2C26FC52C16C3F4003169E7 /* RMImageLoader.swift */,
			);
			path = Managers;
			sourceTree = "<group>";
		};
		D26DB06C2C12C7B60006ADA2 /* APIClient */ = {
			isa = PBXGroup;
			children = (
				D26DB0802C12D1BC0006ADA2 /* RMService.swift */,
				D26DB0822C12D1CF0006ADA2 /* RMRequest.swift */,
				D26DB0842C12D2580006ADA2 /* RMEndpoint.swift */,
			);
			path = APIClient;
			sourceTree = "<group>";
		};
		D26DB06D2C12C7BF0006ADA2 /* ViewModels */ = {
			isa = PBXGroup;
			children = (
				D2A76B042C17FC490069C17A /* CharacterDetail */,
				D2FA7CDC2C1411C10065DB69 /* RMCharacterListViewViewModel.swift */,
				D2F06DA92C1571F900CEF898 /* RMCharacterCollectionViewCellViewModel.swift */,
			);
			path = ViewModels;
			sourceTree = "<group>";
		};
		D26DB06E2C12C7C90006ADA2 /* Views */ = {
			isa = PBXGroup;
			children = (
				D2A76AFC2C17FBB90069C17A /* CharacterDetails */,
				D2A76AFD2C17FBD80069C17A /* Character */,
				D2F06DB22C15B46C00CEF898 /* RMFooterLoadingCollectionReusableView.swift */,
			);
			path = Views;
			sourceTree = "<group>";
		};
		D26DB06F2C12C7D00006ADA2 /* Models */ = {
			isa = PBXGroup;
			children = (
				D26DB08F2C13000F0006ADA2 /* APIResponseTypes */,
				D26DB08E2C12FFF80006ADA2 /* DataTypes */,
			);
			path = Models;
			sourceTree = "<group>";
		};
		D26DB0702C12C7D90006ADA2 /* Controllers */ = {
			isa = PBXGroup;
			children = (
				D2F06DAB2C15A68900CEF898 /* Other */,
				D26DB0772C12C9070006ADA2 /* Core */,
			);
			path = Controllers;
			sourceTree = "<group>";
		};
		D26DB0772C12C9070006ADA2 /* Core */ = {
			isa = PBXGroup;
			children = (
				D26DB05A2C12C6730006ADA2 /* RMTabBarController.swift */,
				D26DB0782C12C92F0006ADA2 /* RMCharacterViewController.swift */,
				D26DB07A2C12C9480006ADA2 /* RMLocationViewController.swift */,
				D26DB07C2C12C9550006ADA2 /* RMEpisodeViewController.swift */,
				D26DB07E2C12C9690006ADA2 /* RMSettingsViewController.swift */,
			);
			path = Core;
			sourceTree = "<group>";
		};
		D26DB08E2C12FFF80006ADA2 /* DataTypes */ = {
			isa = PBXGroup;
			children = (
				D26DB0712C12C86A0006ADA2 /* RMLocation.swift */,
				D26DB0732C12C8790006ADA2 /* RMCharacter.swift */,
				D26DB0752C12C8850006ADA2 /* RMEpisode.swift */,
				D26DB0862C12E6100006ADA2 /* RMOrigin.swift */,
				D26DB0882C12E6900006ADA2 /* RMSingleLocation.swift */,
				D26DB08A2C12E8990006ADA2 /* RMCharacterStatus.swift */,
				D26DB08C2C12E8D60006ADA2 /* RMCharacterGender.swift */,
			);
			path = DataTypes;
			sourceTree = "<group>";
		};
		D26DB08F2C13000F0006ADA2 /* APIResponseTypes */ = {
			isa = PBXGroup;
			children = (
				D26DB0902C1300350006ADA2 /* RMGetAllCharactersResponse.swift */,
			);
			path = APIResponseTypes;
			sourceTree = "<group>";
		};
		D2A76AFC2C17FBB90069C17A /* CharacterDetails */ = {
			isa = PBXGroup;
			children = (
				D2F06DAE2C15A78500CEF898 /* RMCharacterDetailView.swift */,
				D2A76AFE2C17FC0C0069C17A /* RMCharacterPhotoCollectionViewCell.swift */,
				D2A76B002C17FC1D0069C17A /* RMCharacterInfoCollectionViewCell.swift */,
				D2A76B022C17FC350069C17A /* RMCharacterEpisodeCollectionViewCell.swift */,
			);
			path = CharacterDetails;
			sourceTree = "<group>";
		};
		D2A76AFD2C17FBD80069C17A /* Character */ = {
			isa = PBXGroup;
			children = (
				D2FA7CDE2C14122C0065DB69 /* RMCharacterListView.swift */,
				D2F06DA72C156E5F00CEF898 /* RMCharacterCollectionViewCell.swift */,
			);
			path = Character;
			sourceTree = "<group>";
		};
		D2A76B042C17FC490069C17A /* CharacterDetail */ = {
			isa = PBXGroup;
			children = (
				D2F06DB02C15A7B200CEF898 /* RMCharacterDetailViewViewModel.swift */,
				D2A76B052C17FC840069C17A /* RMCharacterPhotoCollectionViewCellViewModel.swift */,
				D2A76B072C17FCD70069C17A /* RMCharacterInfoCollectionViewCellViewModel.swift */,
				D2A76B092C17FCEA0069C17A /* RMCharacterEpisodeCollectionViewCellViewModel.swift */,
			);
			path = CharacterDetail;
			sourceTree = "<group>";
		};
		D2F06DAB2C15A68900CEF898 /* Other */ = {
			isa = PBXGroup;
			children = (
				D2F06DAC2C15A6B500CEF898 /* RMCharacterDetailViewController.swift */,
				D289F6442C195FB70052BE17 /* RMEpisodeDetailViewController.swift */,
			);
			path = Other;
			sourceTree = "<group>";
		};
/* End PBXGroup section */

/* Begin PBXNativeTarget section */
		D26DB0522C12C6730006ADA2 /* RickAndMorty */ = {
			isa = PBXNativeTarget;
			buildConfigurationList = D26DB0672C12C6740006ADA2 /* Build configuration list for PBXNativeTarget "RickAndMorty" */;
			buildPhases = (
				D26DB04F2C12C6730006ADA2 /* Sources */,
				D26DB0502C12C6730006ADA2 /* Frameworks */,
				D26DB0512C12C6730006ADA2 /* Resources */,
			);
			buildRules = (
			);
			dependencies = (
			);
			name = RickAndMorty;
			productName = RickAndMorty;
			productReference = D26DB0532C12C6730006ADA2 /* RickAndMorty.app */;
			productType = "com.apple.product-type.application";
		};
/* End PBXNativeTarget section */

/* Begin PBXProject section */
		D26DB04B2C12C6730006ADA2 /* Project object */ = {
			isa = PBXProject;
			attributes = {
				BuildIndependentTargetsInParallel = 1;
				LastSwiftUpdateCheck = 1540;
				LastUpgradeCheck = 1540;
				TargetAttributes = {
					D26DB0522C12C6730006ADA2 = {
						CreatedOnToolsVersion = 15.4;
					};
				};
			};
			buildConfigurationList = D26DB04E2C12C6730006ADA2 /* Build configuration list for PBXProject "RickAndMorty" */;
			compatibilityVersion = "Xcode 14.0";
			developmentRegion = en;
			hasScannedForEncodings = 0;
			knownRegions = (
				en,
				Base,
			);
			mainGroup = D26DB04A2C12C6730006ADA2;
			productRefGroup = D26DB0542C12C6730006ADA2 /* Products */;
			projectDirPath = "";
			projectRoot = "";
			targets = (
				D26DB0522C12C6730006ADA2 /* RickAndMorty */,
			);
		};
/* End PBXProject section */

/* Begin PBXResourcesBuildPhase section */
		D26DB0512C12C6730006ADA2 /* Resources */ = {
			isa = PBXResourcesBuildPhase;
			buildActionMask = 2147483647;
			files = (
				D26DB0602C12C6740006ADA2 /* Assets.xcassets in Resources */,
				D26DB0632C12C6740006ADA2 /* Base in Resources */,
			);
			runOnlyForDeploymentPostprocessing = 0;
		};
/* End PBXResourcesBuildPhase section */

/* Begin PBXSourcesBuildPhase section */
		D26DB04F2C12C6730006ADA2 /* Sources */ = {
			isa = PBXSourcesBuildPhase;
			buildActionMask = 2147483647;
			files = (
				D2A76B062C17FC840069C17A /* RMCharacterPhotoCollectionViewCellViewModel.swift in Sources */,
				D26DB0912C1300350006ADA2 /* RMGetAllCharactersResponse.swift in Sources */,
				D2F06DB12C15A7B200CEF898 /* RMCharacterDetailViewViewModel.swift in Sources */,
				D26DB0872C12E6100006ADA2 /* RMOrigin.swift in Sources */,
				D2FA7CDF2C14122C0065DB69 /* RMCharacterListView.swift in Sources */,
				D26DB07B2C12C9480006ADA2 /* RMLocationViewController.swift in Sources */,
				D26DB08B2C12E8990006ADA2 /* RMCharacterStatus.swift in Sources */,
				D26DB08D2C12E8D60006ADA2 /* RMCharacterGender.swift in Sources */,
				D2F06DAD2C15A6B500CEF898 /* RMCharacterDetailViewController.swift in Sources */,
				D2F06DB32C15B46C00CEF898 /* RMFooterLoadingCollectionReusableView.swift in Sources */,
				D26DB0762C12C8850006ADA2 /* RMEpisode.swift in Sources */,
				D26DB05B2C12C6730006ADA2 /* RMTabBarController.swift in Sources */,
				D2A76B012C17FC1D0069C17A /* RMCharacterInfoCollectionViewCell.swift in Sources */,
				D26DB07D2C12C9550006ADA2 /* RMEpisodeViewController.swift in Sources */,
				D2A76B082C17FCD70069C17A /* RMCharacterInfoCollectionViewCellViewModel.swift in Sources */,
				D2F06DA82C156E5F00CEF898 /* RMCharacterCollectionViewCell.swift in Sources */,
				D26DB0572C12C6730006ADA2 /* AppDelegate.swift in Sources */,
				D2C26FC62C16C3F4003169E7 /* RMImageLoader.swift in Sources */,
				D26DB0592C12C6730006ADA2 /* SceneDelegate.swift in Sources */,
				D26DB07F2C12C9690006ADA2 /* RMSettingsViewController.swift in Sources */,
				D2A76B0A2C17FCEA0069C17A /* RMCharacterEpisodeCollectionViewCellViewModel.swift in Sources */,
				D2A76AFF2C17FC0C0069C17A /* RMCharacterPhotoCollectionViewCell.swift in Sources */,
				D26DB0812C12D1BC0006ADA2 /* RMService.swift in Sources */,
				D2F06DA62C155B4B00CEF898 /* Extensions.swift in Sources */,
				D26DB0722C12C86A0006ADA2 /* RMLocation.swift in Sources */,
				D26DB0852C12D2580006ADA2 /* RMEndpoint.swift in Sources */,
				D26DB0742C12C8790006ADA2 /* RMCharacter.swift in Sources */,
				D289F6452C195FB70052BE17 /* RMEpisodeDetailViewController.swift in Sources */,
				D26DB0892C12E6900006ADA2 /* RMSingleLocation.swift in Sources */,
				D2F06DAA2C1571F900CEF898 /* RMCharacterCollectionViewCellViewModel.swift in Sources */,
				D26DB0832C12D1CF0006ADA2 /* RMRequest.swift in Sources */,
				D26DB0792C12C92F0006ADA2 /* RMCharacterViewController.swift in Sources */,
				D2A76B032C17FC350069C17A /* RMCharacterEpisodeCollectionViewCell.swift in Sources */,
				D2FA7CDD2C1411C10065DB69 /* RMCharacterListViewViewModel.swift in Sources */,
				D2F06DAF2C15A78500CEF898 /* RMCharacterDetailView.swift in Sources */,
			);
			runOnlyForDeploymentPostprocessing = 0;
		};
/* End PBXSourcesBuildPhase section */

/* Begin PBXVariantGroup section */
		D26DB0612C12C6740006ADA2 /* LaunchScreen.storyboard */ = {
			isa = PBXVariantGroup;
			children = (
				D26DB0622C12C6740006ADA2 /* Base */,
			);
			name = LaunchScreen.storyboard;
			sourceTree = "<group>";
		};
/* End PBXVariantGroup section */

/* Begin XCBuildConfiguration section */
		D26DB0652C12C6740006ADA2 /* Debug */ = {
			isa = XCBuildConfiguration;
			buildSettings = {
				ALWAYS_SEARCH_USER_PATHS = NO;
				ASSETCATALOG_COMPILER_GENERATE_SWIFT_ASSET_SYMBOL_EXTENSIONS = YES;
				CLANG_ANALYZER_NONNULL = YES;
				CLANG_ANALYZER_NUMBER_OBJECT_CONVERSION = YES_AGGRESSIVE;
				CLANG_CXX_LANGUAGE_STANDARD = "gnu++20";
				CLANG_ENABLE_MODULES = YES;
				CLANG_ENABLE_OBJC_ARC = YES;
				CLANG_ENABLE_OBJC_WEAK = YES;
				CLANG_WARN_BLOCK_CAPTURE_AUTORELEASING = YES;
				CLANG_WARN_BOOL_CONVERSION = YES;
				CLANG_WARN_COMMA = YES;
				CLANG_WARN_CONSTANT_CONVERSION = YES;
				CLANG_WARN_DEPRECATED_OBJC_IMPLEMENTATIONS = YES;
				CLANG_WARN_DIRECT_OBJC_ISA_USAGE = YES_ERROR;
				CLANG_WARN_DOCUMENTATION_COMMENTS = YES;
				CLANG_WARN_EMPTY_BODY = YES;
				CLANG_WARN_ENUM_CONVERSION = YES;
				CLANG_WARN_INFINITE_RECURSION = YES;
				CLANG_WARN_INT_CONVERSION = YES;
				CLANG_WARN_NON_LITERAL_NULL_CONVERSION = YES;
				CLANG_WARN_OBJC_IMPLICIT_RETAIN_SELF = YES;
				CLANG_WARN_OBJC_LITERAL_CONVERSION = YES;
				CLANG_WARN_OBJC_ROOT_CLASS = YES_ERROR;
				CLANG_WARN_QUOTED_INCLUDE_IN_FRAMEWORK_HEADER = YES;
				CLANG_WARN_RANGE_LOOP_ANALYSIS = YES;
				CLANG_WARN_STRICT_PROTOTYPES = YES;
				CLANG_WARN_SUSPICIOUS_MOVE = YES;
				CLANG_WARN_UNGUARDED_AVAILABILITY = YES_AGGRESSIVE;
				CLANG_WARN_UNREACHABLE_CODE = YES;
				CLANG_WARN__DUPLICATE_METHOD_MATCH = YES;
				COPY_PHASE_STRIP = NO;
				DEBUG_INFORMATION_FORMAT = dwarf;
				ENABLE_STRICT_OBJC_MSGSEND = YES;
				ENABLE_TESTABILITY = YES;
				ENABLE_USER_SCRIPT_SANDBOXING = YES;
				GCC_C_LANGUAGE_STANDARD = gnu17;
				GCC_DYNAMIC_NO_PIC = NO;
				GCC_NO_COMMON_BLOCKS = YES;
				GCC_OPTIMIZATION_LEVEL = 0;
				GCC_PREPROCESSOR_DEFINITIONS = (
					"DEBUG=1",
					"$(inherited)",
				);
				GCC_WARN_64_TO_32_BIT_CONVERSION = YES;
				GCC_WARN_ABOUT_RETURN_TYPE = YES_ERROR;
				GCC_WARN_UNDECLARED_SELECTOR = YES;
				GCC_WARN_UNINITIALIZED_AUTOS = YES_AGGRESSIVE;
				GCC_WARN_UNUSED_FUNCTION = YES;
				GCC_WARN_UNUSED_VARIABLE = YES;
				IPHONEOS_DEPLOYMENT_TARGET = 17.5;
				LOCALIZATION_PREFERS_STRING_CATALOGS = YES;
				MTL_ENABLE_DEBUG_INFO = INCLUDE_SOURCE;
				MTL_FAST_MATH = YES;
				ONLY_ACTIVE_ARCH = YES;
				SDKROOT = iphoneos;
				SWIFT_ACTIVE_COMPILATION_CONDITIONS = "DEBUG $(inherited)";
				SWIFT_OPTIMIZATION_LEVEL = "-Onone";
			};
			name = Debug;
		};
		D26DB0662C12C6740006ADA2 /* Release */ = {
			isa = XCBuildConfiguration;
			buildSettings = {
				ALWAYS_SEARCH_USER_PATHS = NO;
				ASSETCATALOG_COMPILER_GENERATE_SWIFT_ASSET_SYMBOL_EXTENSIONS = YES;
				CLANG_ANALYZER_NONNULL = YES;
				CLANG_ANALYZER_NUMBER_OBJECT_CONVERSION = YES_AGGRESSIVE;
				CLANG_CXX_LANGUAGE_STANDARD = "gnu++20";
				CLANG_ENABLE_MODULES = YES;
				CLANG_ENABLE_OBJC_ARC = YES;
				CLANG_ENABLE_OBJC_WEAK = YES;
				CLANG_WARN_BLOCK_CAPTURE_AUTORELEASING = YES;
				CLANG_WARN_BOOL_CONVERSION = YES;
				CLANG_WARN_COMMA = YES;
				CLANG_WARN_CONSTANT_CONVERSION = YES;
				CLANG_WARN_DEPRECATED_OBJC_IMPLEMENTATIONS = YES;
				CLANG_WARN_DIRECT_OBJC_ISA_USAGE = YES_ERROR;
				CLANG_WARN_DOCUMENTATION_COMMENTS = YES;
				CLANG_WARN_EMPTY_BODY = YES;
				CLANG_WARN_ENUM_CONVERSION = YES;
				CLANG_WARN_INFINITE_RECURSION = YES;
				CLANG_WARN_INT_CONVERSION = YES;
				CLANG_WARN_NON_LITERAL_NULL_CONVERSION = YES;
				CLANG_WARN_OBJC_IMPLICIT_RETAIN_SELF = YES;
				CLANG_WARN_OBJC_LITERAL_CONVERSION = YES;
				CLANG_WARN_OBJC_ROOT_CLASS = YES_ERROR;
				CLANG_WARN_QUOTED_INCLUDE_IN_FRAMEWORK_HEADER = YES;
				CLANG_WARN_RANGE_LOOP_ANALYSIS = YES;
				CLANG_WARN_STRICT_PROTOTYPES = YES;
				CLANG_WARN_SUSPICIOUS_MOVE = YES;
				CLANG_WARN_UNGUARDED_AVAILABILITY = YES_AGGRESSIVE;
				CLANG_WARN_UNREACHABLE_CODE = YES;
				CLANG_WARN__DUPLICATE_METHOD_MATCH = YES;
				COPY_PHASE_STRIP = NO;
				DEBUG_INFORMATION_FORMAT = "dwarf-with-dsym";
				ENABLE_NS_ASSERTIONS = NO;
				ENABLE_STRICT_OBJC_MSGSEND = YES;
				ENABLE_USER_SCRIPT_SANDBOXING = YES;
				GCC_C_LANGUAGE_STANDARD = gnu17;
				GCC_NO_COMMON_BLOCKS = YES;
				GCC_WARN_64_TO_32_BIT_CONVERSION = YES;
				GCC_WARN_ABOUT_RETURN_TYPE = YES_ERROR;
				GCC_WARN_UNDECLARED_SELECTOR = YES;
				GCC_WARN_UNINITIALIZED_AUTOS = YES_AGGRESSIVE;
				GCC_WARN_UNUSED_FUNCTION = YES;
				GCC_WARN_UNUSED_VARIABLE = YES;
				IPHONEOS_DEPLOYMENT_TARGET = 17.5;
				LOCALIZATION_PREFERS_STRING_CATALOGS = YES;
				MTL_ENABLE_DEBUG_INFO = NO;
				MTL_FAST_MATH = YES;
				SDKROOT = iphoneos;
				SWIFT_COMPILATION_MODE = wholemodule;
				VALIDATE_PRODUCT = YES;
			};
			name = Release;
		};
		D26DB0682C12C6740006ADA2 /* Debug */ = {
			isa = XCBuildConfiguration;
			buildSettings = {
				ASSETCATALOG_COMPILER_APPICON_NAME = AppIcon;
				ASSETCATALOG_COMPILER_GLOBAL_ACCENT_COLOR_NAME = AccentColor;
				CODE_SIGN_STYLE = Automatic;
				CURRENT_PROJECT_VERSION = 1;
				DEVELOPMENT_TEAM = XN5X7VFVPX;
				GENERATE_INFOPLIST_FILE = YES;
				INFOPLIST_FILE = RickAndMorty/Info.plist;
				INFOPLIST_KEY_UIApplicationSupportsIndirectInputEvents = YES;
				INFOPLIST_KEY_UILaunchStoryboardName = LaunchScreen;
				INFOPLIST_KEY_UISupportedInterfaceOrientations_iPad = "UIInterfaceOrientationPortrait UIInterfaceOrientationPortraitUpsideDown UIInterfaceOrientationLandscapeLeft UIInterfaceOrientationLandscapeRight";
				INFOPLIST_KEY_UISupportedInterfaceOrientations_iPhone = "UIInterfaceOrientationPortrait UIInterfaceOrientationLandscapeLeft UIInterfaceOrientationLandscapeRight";
				LD_RUNPATH_SEARCH_PATHS = (
					"$(inherited)",
					"@executable_path/Frameworks",
				);
				MARKETING_VERSION = 1.0;
				PRODUCT_BUNDLE_IDENTIFIER = kr.magne.RickAndMorty;
				PRODUCT_NAME = "$(TARGET_NAME)";
				SWIFT_EMIT_LOC_STRINGS = YES;
				SWIFT_VERSION = 5.0;
				TARGETED_DEVICE_FAMILY = "1,2";
			};
			name = Debug;
		};
		D26DB0692C12C6740006ADA2 /* Release */ = {
			isa = XCBuildConfiguration;
			buildSettings = {
				ASSETCATALOG_COMPILER_APPICON_NAME = AppIcon;
				ASSETCATALOG_COMPILER_GLOBAL_ACCENT_COLOR_NAME = AccentColor;
				CODE_SIGN_STYLE = Automatic;
				CURRENT_PROJECT_VERSION = 1;
				DEVELOPMENT_TEAM = XN5X7VFVPX;
				GENERATE_INFOPLIST_FILE = YES;
				INFOPLIST_FILE = RickAndMorty/Info.plist;
				INFOPLIST_KEY_UIApplicationSupportsIndirectInputEvents = YES;
				INFOPLIST_KEY_UILaunchStoryboardName = LaunchScreen;
				INFOPLIST_KEY_UISupportedInterfaceOrientations_iPad = "UIInterfaceOrientationPortrait UIInterfaceOrientationPortraitUpsideDown UIInterfaceOrientationLandscapeLeft UIInterfaceOrientationLandscapeRight";
				INFOPLIST_KEY_UISupportedInterfaceOrientations_iPhone = "UIInterfaceOrientationPortrait UIInterfaceOrientationLandscapeLeft UIInterfaceOrientationLandscapeRight";
				LD_RUNPATH_SEARCH_PATHS = (
					"$(inherited)",
					"@executable_path/Frameworks",
				);
				MARKETING_VERSION = 1.0;
				PRODUCT_BUNDLE_IDENTIFIER = kr.magne.RickAndMorty;
				PRODUCT_NAME = "$(TARGET_NAME)";
				SWIFT_EMIT_LOC_STRINGS = YES;
				SWIFT_VERSION = 5.0;
				TARGETED_DEVICE_FAMILY = "1,2";
			};
			name = Release;
		};
/* End XCBuildConfiguration section */

/* Begin XCConfigurationList section */
		D26DB04E2C12C6730006ADA2 /* Build configuration list for PBXProject "RickAndMorty" */ = {
			isa = XCConfigurationList;
			buildConfigurations = (
				D26DB0652C12C6740006ADA2 /* Debug */,
				D26DB0662C12C6740006ADA2 /* Release */,
			);
			defaultConfigurationIsVisible = 0;
			defaultConfigurationName = Release;
		};
		D26DB0672C12C6740006ADA2 /* Build configuration list for PBXNativeTarget "RickAndMorty" */ = {
			isa = XCConfigurationList;
			buildConfigurations = (
				D26DB0682C12C6740006ADA2 /* Debug */,
				D26DB0692C12C6740006ADA2 /* Release */,
			);
			defaultConfigurationIsVisible = 0;
			defaultConfigurationName = Release;
		};
/* End XCConfigurationList section */
	};
	rootObject = D26DB04B2C12C6730006ADA2 /* Project object */;
}
